<?xml version="1.0" encoding="utf-8"?>
<Project ToolsVersion="4.0" xmlns="http://schemas.microsoft.com/developer/msbuild/2003">
  <ItemGroup>
    <ClCompile Include="user\user.cpp" />
  </ItemGroup>
  <ItemGroup>
    <ClInclude Include="user\includes.h" />
    <ClInclude Include="comm\comm.h" />
    <ClInclude Include="comm\interface.h" />
  </ItemGroup>
  <ItemGroup>
    <MASM Include="comm\comm.asm" />
  </ItemGroup>
</Project>